
Microsoft Visual Studio Solution File, Format Version 12.00
# Visual Studio Version 17
VisualStudioVersion = 17.4.33205.214
MinimumVisualStudioVersion = 10.0.40219.1
Project("{FAE04EC0-301F-11D3-BF4B-00C04F79EFBC}") = "SortingAlgorithmViewer", "SortingAlgorithmViewer\SortingAlgorithmViewer.csproj", "{AA653C92-4AD5-4056-8AEE-C4F5CE8A6645}"
EndProject
Global
	GlobalSection(SolutionConfigurationPlatforms) = preSolution
		Debug|Any CPU = Debug|Any CPU
		Release|Any CPU = Release|Any CPU
	EndGlobalSection
	GlobalSection(ProjectConfigurationPlatforms) = postSolution
		{AA653C92-4AD5-4056-8AEE-C4F5CE8A6645}.Debug|Any CPU.ActiveCfg = Debug|Any CPU
		{AA653C92-4AD5-4056-8AEE-C4F5CE8A6645}.Debug|Any CPU.Build.0 = Debug|Any CPU
		{AA653C92-4AD5-4056-8AEE-C4F5CE8A6645}.Release|Any CPU.ActiveCfg = Release|Any CPU
		{AA653C92-4AD5-4056-8AEE-C4F5CE8A6645}.Release|Any CPU.Build.0 = Release|Any CPU
	EndGlobalSection
	GlobalSection(SolutionProperties) = preSolution
		HideSolutionNode = FALSE
	EndGlobalSection
	GlobalSection(ExtensibilityGlobals) = postSolution
		SolutionGuid = {541BF308-C6BD-4711-8905-70A59FFC4AEA}
	EndGlobalSection
EndGlobal
